
Microsoft Visual Studio Solution File, Format Version 12.00
# Visual Studio 15
Project("{FAE04EC0-301F-11D3-BF4B-00C04F79EFBC}") = "Assembly-CSharp", "Assembly-CSharp.csproj", "{21BEDDAA-6648-406B-544F-DE2FAE9A68CF}"
EndProject
Project("{FAE04EC0-301F-11D3-BF4B-00C04F79EFBC}") = "Assembly-CSharp-Editor", "Assembly-CSharp-Editor.csproj", "{95D63201-E8BC-FD03-E739-B5AB60ED7697}"
EndProject
Global
	GlobalSection(SolutionConfigurationPlatforms) = preSolution
		Debug|Any CPU = Debug|Any CPU
		Release|Any CPU = Release|Any CPU
	EndGlobalSection
	GlobalSection(ProjectConfigurationPlatforms) = postSolution
		{21BEDDAA-6648-406B-544F-DE2FAE9A68CF}.Debug|Any CPU.ActiveCfg = Debug|Any CPU
		{21BEDDAA-6648-406B-544F-DE2FAE9A68CF}.Debug|Any CPU.Build.0 = Debug|Any CPU
		{21BEDDAA-6648-406B-544F-DE2FAE9A68CF}.Release|Any CPU.ActiveCfg = Release|Any CPU
		{21BEDDAA-6648-406B-544F-DE2FAE9A68CF}.Release|Any CPU.Build.0 = Release|Any CPU
		{95D63201-E8BC-FD03-E739-B5AB60ED7697}.Debug|Any CPU.ActiveCfg = Debug|Any CPU
		{95D63201-E8BC-FD03-E739-B5AB60ED7697}.Debug|Any CPU.Build.0 = Debug|Any CPU
		{95D63201-E8BC-FD03-E739-B5AB60ED7697}.Release|Any CPU.ActiveCfg = Release|Any CPU
		{95D63201-E8BC-FD03-E739-B5AB60ED7697}.Release|Any CPU.Build.0 = Release|Any CPU
	EndGlobalSection
	GlobalSection(SolutionProperties) = preSolution
		HideSolutionNode = FALSE
	EndGlobalSection
EndGlobal
